
Microsoft Visual Studio Solution File, Format Version 12.00
Project("{FAE04EC0-301F-11D3-BF4B-00C04F79EFBC}") = "Benchmarking", "Benchmarking/Benchmarking.csproj", "{851D5484-B369-4409-A4FE-C3F07A7FD515}"
EndProject
Global
	GlobalSection(SolutionConfigurationPlatforms) = preSolution
		Debug|Any CPU = Debug|Any CPU
		Release|Any CPU = Release|Any CPU
	EndGlobalSection
	GlobalSection(ProjectConfigurationPlatforms) = postSolution
		{851D5484-B369-4409-A4FE-C3F07A7FD515}.Debug|Any CPU.ActiveCfg = Debug|Any CPU
		{851D5484-B369-4409-A4FE-C3F07A7FD515}.Debug|Any CPU.Build.0 = Debug|Any CPU
		{851D5484-B369-4409-A4FE-C3F07A7FD515}.Release|Any CPU.ActiveCfg = Release|Any CPU
		{851D5484-B369-4409-A4FE-C3F07A7FD515}.Release|Any CPU.Build.0 = Release|Any CPU
	EndGlobalSection
EndGlobal
